// !$*UTF8*$!
{
	archiveVersion = 1;
	classes = {
	};
	objectVersion = 46;
	objects = {

/* Begin PBXBuildFile section */
		3ADE287A18F5BF13002DDCA1 /* Cocoa.framework in Frameworks */ = {isa = PBXBuildFile; fileRef = 3ADE287918F5BF13002DDCA1 /* Cocoa.framework */; };
		3ADE288418F5BF13002DDCA1 /* InfoPlist.strings in Resources */ = {isa = PBXBuildFile; fileRef = 3ADE288218F5BF13002DDCA1 /* InfoPlist.strings */; };
		3ADE288618F5BF13002DDCA1 /* main.m in Sources */ = {isa = PBXBuildFile; fileRef = 3ADE288518F5BF13002DDCA1 /* main.m */; };
		3ADE288A18F5BF13002DDCA1 /* Credits.rtf in Resources */ = {isa = PBXBuildFile; fileRef = 3ADE288818F5BF13002DDCA1 /* Credits.rtf */; };
		3ADE288D18F5BF13002DDCA1 /* AppDelegate.m in Sources */ = {isa = PBXBuildFile; fileRef = 3ADE288C18F5BF13002DDCA1 /* AppDelegate.m */; };
		3ADE289018F5BF13002DDCA1 /* MainMenu.xib in Resources */ = {isa = PBXBuildFile; fileRef = 3ADE288E18F5BF13002DDCA1 /* MainMenu.xib */; };
		3ADE289218F5BF13002DDCA1 /* Images.xcassets in Resources */ = {isa = PBXBuildFile; fileRef = 3ADE289118F5BF13002DDCA1 /* Images.xcassets */; };
		3ADE289918F5BF13002DDCA1 /* XCTest.framework in Frameworks */ = {isa = PBXBuildFile; fileRef = 3ADE289818F5BF13002DDCA1 /* XCTest.framework */; };
		3ADE289A18F5BF13002DDCA1 /* Cocoa.framework in Frameworks */ = {isa = PBXBuildFile; fileRef = 3ADE287918F5BF13002DDCA1 /* Cocoa.framework */; };
		3ADE28A218F5BF13002DDCA1 /* InfoPlist.strings in Resources */ = {isa = PBXBuildFile; fileRef = 3ADE28A018F5BF13002DDCA1 /* InfoPlist.strings */; };
		3ADE28A418F5BF13002DDCA1 /* TimerTests.m in Sources */ = {isa = PBXBuildFile; fileRef = 3ADE28A318F5BF13002DDCA1 /* TimerTests.m */; };
		3ADE28B618F5CC71002DDCA1 /* StatusMenuController.m in Sources */ = {isa = PBXBuildFile; fileRef = 3ADE28B518F5CC71002DDCA1 /* StatusMenuController.m */; };
/* End PBXBuildFile section */

/* Begin PBXContainerItemProxy section */
		3ADE289B18F5BF13002DDCA1 /* PBXContainerItemProxy */ = {
			isa = PBXContainerItemProxy;
			containerPortal = 3ADE286E18F5BF13002DDCA1 /* Project object */;
			proxyType = 1;
			remoteGlobalIDString = 3ADE287518F5BF13002DDCA1;
			remoteInfo = Timer;
		};
/* End PBXContainerItemProxy section */

/* Begin PBXFileReference section */
		3ADE287618F5BF13002DDCA1 /* Timer.app */ = {isa = PBXFileReference; explicitFileType = wrapper.application; includeInIndex = 0; path = Timer.app; sourceTree = BUILT_PRODUCTS_DIR; };
		3ADE287918F5BF13002DDCA1 /* Cocoa.framework */ = {isa = PBXFileReference; lastKnownFileType = wrapper.framework; name = Cocoa.framework; path = System/Library/Frameworks/Cocoa.framework; sourceTree = SDKROOT; };
		3ADE287C18F5BF13002DDCA1 /* AppKit.framework */ = {isa = PBXFileReference; lastKnownFileType = wrapper.framework; name = AppKit.framework; path = System/Library/Frameworks/AppKit.framework; sourceTree = SDKROOT; };
		3ADE287D18F5BF13002DDCA1 /* CoreData.framework */ = {isa = PBXFileReference; lastKnownFileType = wrapper.framework; name = CoreData.framework; path = System/Library/Frameworks/CoreData.framework; sourceTree = SDKROOT; };
		3ADE287E18F5BF13002DDCA1 /* Foundation.framework */ = {isa = PBXFileReference; lastKnownFileType = wrapper.framework; name = Foundation.framework; path = System/Library/Frameworks/Foundation.framework; sourceTree = SDKROOT; };
		3ADE288118F5BF13002DDCA1 /* Timer-Info.plist */ = {isa = PBXFileReference; lastKnownFileType = text.plist.xml; path = "Timer-Info.plist"; sourceTree = "<group>"; };
		3ADE288318F5BF13002DDCA1 /* en */ = {isa = PBXFileReference; lastKnownFileType = text.plist.strings; name = en; path = en.lproj/InfoPlist.strings; sourceTree = "<group>"; };
		3ADE288518F5BF13002DDCA1 /* main.m */ = {isa = PBXFileReference; lastKnownFileType = sourcecode.c.objc; path = main.m; sourceTree = "<group>"; };
		3ADE288718F5BF13002DDCA1 /* Timer-Prefix.pch */ = {isa = PBXFileReference; lastKnownFileType = sourcecode.c.h; path = "Timer-Prefix.pch"; sourceTree = "<group>"; };
		3ADE288918F5BF13002DDCA1 /* en */ = {isa = PBXFileReference; lastKnownFileType = text.rtf; name = en; path = en.lproj/Credits.rtf; sourceTree = "<group>"; };
		3ADE288B18F5BF13002DDCA1 /* AppDelegate.h */ = {isa = PBXFileReference; lastKnownFileType = sourcecode.c.h; path = AppDelegate.h; sourceTree = "<group>"; };
		3ADE288C18F5BF13002DDCA1 /* AppDelegate.m */ = {isa = PBXFileReference; lastKnownFileType = sourcecode.c.objc; path = AppDelegate.m; sourceTree = "<group>"; };
		3ADE288F18F5BF13002DDCA1 /* Base */ = {isa = PBXFileReference; lastKnownFileType = file.xib; name = Base; path = Base.lproj/MainMenu.xib; sourceTree = "<group>"; };
		3ADE289118F5BF13002DDCA1 /* Images.xcassets */ = {isa = PBXFileReference; lastKnownFileType = folder.assetcatalog; path = Images.xcassets; sourceTree = "<group>"; };
		3ADE289718F5BF13002DDCA1 /* TimerTests.xctest */ = {isa = PBXFileReference; explicitFileType = wrapper.cfbundle; includeInIndex = 0; path = TimerTests.xctest; sourceTree = BUILT_PRODUCTS_DIR; };
		3ADE289818F5BF13002DDCA1 /* XCTest.framework */ = {isa = PBXFileReference; lastKnownFileType = wrapper.framework; name = XCTest.framework; path = Library/Frameworks/XCTest.framework; sourceTree = DEVELOPER_DIR; };
		3ADE289F18F5BF13002DDCA1 /* TimerTests-Info.plist */ = {isa = PBXFileReference; lastKnownFileType = text.plist.xml; path = "TimerTests-Info.plist"; sourceTree = "<group>"; };
		3ADE28A118F5BF13002DDCA1 /* en */ = {isa = PBXFileReference; lastKnownFileType = text.plist.strings; name = en; path = en.lproj/InfoPlist.strings; sourceTree = "<group>"; };
		3ADE28A318F5BF13002DDCA1 /* TimerTests.m */ = {isa = PBXFileReference; lastKnownFileType = sourcecode.c.objc; path = TimerTests.m; sourceTree = "<group>"; };
		3ADE28B418F5CC71002DDCA1 /* StatusMenuController.h */ = {isa = PBXFileReference; fileEncoding = 4; lastKnownFileType = sourcecode.c.h; name = StatusMenuController.h; path = Timer/StatusMenu/StatusMenuController.h; sourceTree = "<group>"; };
		3ADE28B518F5CC71002DDCA1 /* StatusMenuController.m */ = {isa = PBXFileReference; fileEncoding = 4; lastKnownFileType = sourcecode.c.objc; name = StatusMenuController.m; path = Timer/StatusMenu/StatusMenuController.m; sourceTree = "<group>"; };
/* End PBXFileReference section */

/* Begin PBXFrameworksBuildPhase section */
		3ADE287318F5BF13002DDCA1 /* Frameworks */ = {
			isa = PBXFrameworksBuildPhase;
			buildActionMask = 2147483647;
			files = (
				3ADE287A18F5BF13002DDCA1 /* Cocoa.framework in Frameworks */,
			);
			runOnlyForDeploymentPostprocessing = 0;
		};
		3ADE289418F5BF13002DDCA1 /* Frameworks */ = {
			isa = PBXFrameworksBuildPhase;
			buildActionMask = 2147483647;
			files = (
				3ADE289A18F5BF13002DDCA1 /* Cocoa.framework in Frameworks */,
				3ADE289918F5BF13002DDCA1 /* XCTest.framework in Frameworks */,
			);
			runOnlyForDeploymentPostprocessing = 0;
		};
/* End PBXFrameworksBuildPhase section */

/* Begin PBXGroup section */
		3ADE286D18F5BF13002DDCA1 = {
			isa = PBXGroup;
			children = (
				3ADE28B418F5CC71002DDCA1 /* StatusMenuController.h */,
				3ADE28B518F5CC71002DDCA1 /* StatusMenuController.m */,
				3ADE287F18F5BF13002DDCA1 /* Timer */,
				3ADE289D18F5BF13002DDCA1 /* TimerTests */,
				3ADE287818F5BF13002DDCA1 /* Frameworks */,
				3ADE287718F5BF13002DDCA1 /* Products */,
			);
			sourceTree = "<group>";
		};
		3ADE287718F5BF13002DDCA1 /* Products */ = {
			isa = PBXGroup;
			children = (
				3ADE287618F5BF13002DDCA1 /* Timer.app */,
				3ADE289718F5BF13002DDCA1 /* TimerTests.xctest */,
			);
			name = Products;
			sourceTree = "<group>";
		};
		3ADE287818F5BF13002DDCA1 /* Frameworks */ = {
			isa = PBXGroup;
			children = (
				3ADE287918F5BF13002DDCA1 /* Cocoa.framework */,
				3ADE289818F5BF13002DDCA1 /* XCTest.framework */,
				3ADE287B18F5BF13002DDCA1 /* Other Frameworks */,
			);
			name = Frameworks;
			sourceTree = "<group>";
		};
		3ADE287B18F5BF13002DDCA1 /* Other Frameworks */ = {
			isa = PBXGroup;
			children = (
				3ADE287C18F5BF13002DDCA1 /* AppKit.framework */,
				3ADE287D18F5BF13002DDCA1 /* CoreData.framework */,
				3ADE287E18F5BF13002DDCA1 /* Foundation.framework */,
			);
			name = "Other Frameworks";
			sourceTree = "<group>";
		};
		3ADE287F18F5BF13002DDCA1 /* Timer */ = {
			isa = PBXGroup;
			children = (
				3ADE288B18F5BF13002DDCA1 /* AppDelegate.h */,
				3ADE288C18F5BF13002DDCA1 /* AppDelegate.m */,
				3ADE288E18F5BF13002DDCA1 /* MainMenu.xib */,
				3ADE289118F5BF13002DDCA1 /* Images.xcassets */,
				3ADE288018F5BF13002DDCA1 /* Supporting Files */,
			);
			path = Timer;
			sourceTree = "<group>";
		};
		3ADE288018F5BF13002DDCA1 /* Supporting Files */ = {
			isa = PBXGroup;
			children = (
				3ADE288118F5BF13002DDCA1 /* Timer-Info.plist */,
				3ADE288218F5BF13002DDCA1 /* InfoPlist.strings */,
				3ADE288518F5BF13002DDCA1 /* main.m */,
				3ADE288718F5BF13002DDCA1 /* Timer-Prefix.pch */,
				3ADE288818F5BF13002DDCA1 /* Credits.rtf */,
			);
			name = "Supporting Files";
			sourceTree = "<group>";
		};
		3ADE289D18F5BF13002DDCA1 /* TimerTests */ = {
			isa = PBXGroup;
			children = (
				3ADE28A318F5BF13002DDCA1 /* TimerTests.m */,
				3ADE289E18F5BF13002DDCA1 /* Supporting Files */,
			);
			path = TimerTests;
			sourceTree = "<group>";
		};
		3ADE289E18F5BF13002DDCA1 /* Supporting Files */ = {
			isa = PBXGroup;
			children = (
				3ADE289F18F5BF13002DDCA1 /* TimerTests-Info.plist */,
				3ADE28A018F5BF13002DDCA1 /* InfoPlist.strings */,
			);
			name = "Supporting Files";
			sourceTree = "<group>";
		};
/* End PBXGroup section */

/* Begin PBXNativeTarget section */
		3ADE287518F5BF13002DDCA1 /* Timer */ = {
			isa = PBXNativeTarget;
			buildConfigurationList = 3ADE28A718F5BF13002DDCA1 /* Build configuration list for PBXNativeTarget "Timer" */;
			buildPhases = (
				3ADE287218F5BF13002DDCA1 /* Sources */,
				3ADE287318F5BF13002DDCA1 /* Frameworks */,
				3ADE287418F5BF13002DDCA1 /* Resources */,
			);
			buildRules = (
			);
			dependencies = (
			);
			name = Timer;
			productName = Timer;
			productReference = 3ADE287618F5BF13002DDCA1 /* Timer.app */;
			productType = "com.apple.product-type.application";
		};
		3ADE289618F5BF13002DDCA1 /* TimerTests */ = {
			isa = PBXNativeTarget;
			buildConfigurationList = 3ADE28AA18F5BF13002DDCA1 /* Build configuration list for PBXNativeTarget "TimerTests" */;
			buildPhases = (
				3ADE289318F5BF13002DDCA1 /* Sources */,
				3ADE289418F5BF13002DDCA1 /* Frameworks */,
				3ADE289518F5BF13002DDCA1 /* Resources */,
			);
			buildRules = (
			);
			dependencies = (
				3ADE289C18F5BF13002DDCA1 /* PBXTargetDependency */,
			);
			name = TimerTests;
			productName = TimerTests;
			productReference = 3ADE289718F5BF13002DDCA1 /* TimerTests.xctest */;
			productType = "com.apple.product-type.bundle.unit-test";
		};
/* End PBXNativeTarget section */

/* Begin PBXProject section */
		3ADE286E18F5BF13002DDCA1 /* Project object */ = {
			isa = PBXProject;
			attributes = {
				LastUpgradeCheck = 0510;
				ORGANIZATIONNAME = aaaxe;
				TargetAttributes = {
					3ADE289618F5BF13002DDCA1 = {
						TestTargetID = 3ADE287518F5BF13002DDCA1;
					};
				};
			};
			buildConfigurationList = 3ADE287118F5BF13002DDCA1 /* Build configuration list for PBXProject "Timer" */;
			compatibilityVersion = "Xcode 3.2";
			developmentRegion = English;
			hasScannedForEncodings = 0;
			knownRegions = (
				en,
				Base,
			);
			mainGroup = 3ADE286D18F5BF13002DDCA1;
			productRefGroup = 3ADE287718F5BF13002DDCA1 /* Products */;
			projectDirPath = "";
			projectRoot = "";
			targets = (
				3ADE287518F5BF13002DDCA1 /* Timer */,
				3ADE289618F5BF13002DDCA1 /* TimerTests */,
			);
		};
/* End PBXProject section */

/* Begin PBXResourcesBuildPhase section */
		3ADE287418F5BF13002DDCA1 /* Resources */ = {
			isa = PBXResourcesBuildPhase;
			buildActionMask = 2147483647;
			files = (
				3ADE288418F5BF13002DDCA1 /* InfoPlist.strings in Resources */,
				3ADE289218F5BF13002DDCA1 /* Images.xcassets in Resources */,
				3ADE288A18F5BF13002DDCA1 /* Credits.rtf in Resources */,
				3ADE289018F5BF13002DDCA1 /* MainMenu.xib in Resources */,
			);
			runOnlyForDeploymentPostprocessing = 0;
		};
		3ADE289518F5BF13002DDCA1 /* Resources */ = {
			isa = PBXResourcesBuildPhase;
			buildActionMask = 2147483647;
			files = (
				3ADE28A218F5BF13002DDCA1 /* InfoPlist.strings in Resources */,
			);
			runOnlyForDeploymentPostprocessing = 0;
		};
/* End PBXResourcesBuildPhase section */

/* Begin PBXSourcesBuildPhase section */
		3ADE287218F5BF13002DDCA1 /* Sources */ = {
			isa = PBXSourcesBuildPhase;
			buildActionMask = 2147483647;
			files = (
				3ADE288D18F5BF13002DDCA1 /* AppDelegate.m in Sources */,
				3ADE288618F5BF13002DDCA1 /* main.m in Sources */,
				3ADE28B618F5CC71002DDCA1 /* StatusMenuController.m in Sources */,
			);
			runOnlyForDeploymentPostprocessing = 0;
		};
		3ADE289318F5BF13002DDCA1 /* Sources */ = {
			isa = PBXSourcesBuildPhase;
			buildActionMask = 2147483647;
			files = (
				3ADE28A418F5BF13002DDCA1 /* TimerTests.m in Sources */,
			);
			runOnlyForDeploymentPostprocessing = 0;
		};
/* End PBXSourcesBuildPhase section */

/* Begin PBXTargetDependency section */
		3ADE289C18F5BF13002DDCA1 /* PBXTargetDependency */ = {
			isa = PBXTargetDependency;
			target = 3ADE287518F5BF13002DDCA1 /* Timer */;
			targetProxy = 3ADE289B18F5BF13002DDCA1 /* PBXContainerItemProxy */;
		};
/* End PBXTargetDependency section */

/* Begin PBXVariantGroup section */
		3ADE288218F5BF13002DDCA1 /* InfoPlist.strings */ = {
			isa = PBXVariantGroup;
			children = (
				3ADE288318F5BF13002DDCA1 /* en */,
			);
			name = InfoPlist.strings;
			sourceTree = "<group>";
		};
		3ADE288818F5BF13002DDCA1 /* Credits.rtf */ = {
			isa = PBXVariantGroup;
			children = (
				3ADE288918F5BF13002DDCA1 /* en */,
			);
			name = Credits.rtf;
			sourceTree = "<group>";
		};
		3ADE288E18F5BF13002DDCA1 /* MainMenu.xib */ = {
			isa = PBXVariantGroup;
			children = (
				3ADE288F18F5BF13002DDCA1 /* Base */,
			);
			name = MainMenu.xib;
			sourceTree = "<group>";
		};
		3ADE28A018F5BF13002DDCA1 /* InfoPlist.strings */ = {
			isa = PBXVariantGroup;
			children = (
				3ADE28A118F5BF13002DDCA1 /* en */,
			);
			name = InfoPlist.strings;
			sourceTree = "<group>";
		};
/* End PBXVariantGroup section */

/* Begin XCBuildConfiguration section */
		3ADE28A518F5BF13002DDCA1 /* Debug */ = {
			isa = XCBuildConfiguration;
			buildSettings = {
				ALWAYS_SEARCH_USER_PATHS = NO;
				CLANG_CXX_LANGUAGE_STANDARD = "gnu++0x";
				CLANG_CXX_LIBRARY = "libc++";
				CLANG_ENABLE_MODULES = YES;
				CLANG_ENABLE_OBJC_ARC = YES;
				CLANG_WARN_BOOL_CONVERSION = YES;
				CLANG_WARN_CONSTANT_CONVERSION = YES;
				CLANG_WARN_DIRECT_OBJC_ISA_USAGE = YES_ERROR;
				CLANG_WARN_EMPTY_BODY = YES;
				CLANG_WARN_ENUM_CONVERSION = YES;
				CLANG_WARN_INT_CONVERSION = YES;
				CLANG_WARN_OBJC_ROOT_CLASS = YES_ERROR;
				CLANG_WARN__DUPLICATE_METHOD_MATCH = YES;
				COPY_PHASE_STRIP = NO;
				GCC_C_LANGUAGE_STANDARD = gnu99;
				GCC_DYNAMIC_NO_PIC = NO;
				GCC_ENABLE_OBJC_EXCEPTIONS = YES;
				GCC_OPTIMIZATION_LEVEL = 0;
				GCC_PREPROCESSOR_DEFINITIONS = (
					"DEBUG=1",
					"$(inherited)",
				);
				GCC_SYMBOLS_PRIVATE_EXTERN = NO;
				GCC_WARN_64_TO_32_BIT_CONVERSION = YES;
				GCC_WARN_ABOUT_RETURN_TYPE = YES_ERROR;
				GCC_WARN_UNDECLARED_SELECTOR = YES;
				GCC_WARN_UNINITIALIZED_AUTOS = YES_AGGRESSIVE;
				GCC_WARN_UNUSED_FUNCTION = YES;
				GCC_WARN_UNUSED_VARIABLE = YES;
				MACOSX_DEPLOYMENT_TARGET = 10.9;
				ONLY_ACTIVE_ARCH = YES;
				SDKROOT = macosx;
			};
			name = Debug;
		};
		3ADE28A618F5BF13002DDCA1 /* Release */ = {
			isa = XCBuildConfiguration;
			buildSettings = {
				ALWAYS_SEARCH_USER_PATHS = NO;
				CLANG_CXX_LANGUAGE_STANDARD = "gnu++0x";
				CLANG_CXX_LIBRARY = "libc++";
				CLANG_ENABLE_MODULES = YES;
				CLANG_ENABLE_OBJC_ARC = YES;
				CLANG_WARN_BOOL_CONVERSION = YES;
				CLANG_WARN_CONSTANT_CONVERSION = YES;
				CLANG_WARN_DIRECT_OBJC_ISA_USAGE = YES_ERROR;
				CLANG_WARN_EMPTY_BODY = YES;
				CLANG_WARN_ENUM_CONVERSION = YES;
				CLANG_WARN_INT_CONVERSION = YES;
				CLANG_WARN_OBJC_ROOT_CLASS = YES_ERROR;
				CLANG_WARN__DUPLICATE_METHOD_MATCH = YES;
				COPY_PHASE_STRIP = YES;
				DEBUG_INFORMATION_FORMAT = "dwarf-with-dsym";
				ENABLE_NS_ASSERTIONS = NO;
				GCC_C_LANGUAGE_STANDARD = gnu99;
				GCC_ENABLE_OBJC_EXCEPTIONS = YES;
				GCC_WARN_64_TO_32_BIT_CONVERSION = YES;
				GCC_WARN_ABOUT_RETURN_TYPE = YES_ERROR;
				GCC_WARN_UNDECLARED_SELECTOR = YES;
				GCC_WARN_UNINITIALIZED_AUTOS = YES_AGGRESSIVE;
				GCC_WARN_UNUSED_FUNCTION = YES;
				GCC_WARN_UNUSED_VARIABLE = YES;
				MACOSX_DEPLOYMENT_TARGET = 10.9;
				SDKROOT = macosx;
			};
			name = Release;
		};
		3ADE28A818F5BF13002DDCA1 /* Debug */ = {
			isa = XCBuildConfiguration;
			buildSettings = {
				ASSETCATALOG_COMPILER_APPICON_NAME = AppIcon;
				COMBINE_HIDPI_IMAGES = YES;
				GCC_PRECOMPILE_PREFIX_HEADER = YES;
				GCC_PREFIX_HEADER = "Timer/Timer-Prefix.pch";
				INFOPLIST_FILE = "Timer/Timer-Info.plist";
				PRODUCT_NAME = "$(TARGET_NAME)";
				WRAPPER_EXTENSION = app;
			};
			name = Debug;
		};
		3ADE28A918F5BF13002DDCA1 /* Release */ = {
			isa = XCBuildConfiguration;
			buildSettings = {
				ASSETCATALOG_COMPILER_APPICON_NAME = AppIcon;
				COMBINE_HIDPI_IMAGES = YES;
				GCC_PRECOMPILE_PREFIX_HEADER = YES;
				GCC_PREFIX_HEADER = "Timer/Timer-Prefix.pch";
				INFOPLIST_FILE = "Timer/Timer-Info.plist";
				PRODUCT_NAME = "$(TARGET_NAME)";
				WRAPPER_EXTENSION = app;
			};
			name = Release;
		};
		3ADE28AB18F5BF13002DDCA1 /* Debug */ = {
			isa = XCBuildConfiguration;
			buildSettings = {
				BUNDLE_LOADER = "$(BUILT_PRODUCTS_DIR)/Timer.app/Contents/MacOS/Timer";
				COMBINE_HIDPI_IMAGES = YES;
				FRAMEWORK_SEARCH_PATHS = (
					"$(DEVELOPER_FRAMEWORKS_DIR)",
					"$(inherited)",
				);
				GCC_PRECOMPILE_PREFIX_HEADER = YES;
				GCC_PREFIX_HEADER = "Timer/Timer-Prefix.pch";
				GCC_PREPROCESSOR_DEFINITIONS = (
					"DEBUG=1",
					"$(inherited)",
				);
				INFOPLIST_FILE = "TimerTests/TimerTests-Info.plist";
				PRODUCT_NAME = "$(TARGET_NAME)";
				TEST_HOST = "$(BUNDLE_LOADER)";
				WRAPPER_EXTENSION = xctest;
			};
			name = Debug;
		};
		3ADE28AC18F5BF13002DDCA1 /* Release */ = {
			isa = XCBuildConfiguration;
			buildSettings = {
				BUNDLE_LOADER = "$(BUILT_PRODUCTS_DIR)/Timer.app/Contents/MacOS/Timer";
				COMBINE_HIDPI_IMAGES = YES;
				FRAMEWORK_SEARCH_PATHS = (
					"$(DEVELOPER_FRAMEWORKS_DIR)",
					"$(inherited)",
				);
				GCC_PRECOMPILE_PREFIX_HEADER = YES;
				GCC_PREFIX_HEADER = "Timer/Timer-Prefix.pch";
				INFOPLIST_FILE = "TimerTests/TimerTests-Info.plist";
				PRODUCT_NAME = "$(TARGET_NAME)";
				TEST_HOST = "$(BUNDLE_LOADER)";
				WRAPPER_EXTENSION = xctest;
			};
			name = Release;
		};
/* End XCBuildConfiguration section */

/* Begin XCConfigurationList section */
		3ADE287118F5BF13002DDCA1 /* Build configuration list for PBXProject "Timer" */ = {
			isa = XCConfigurationList;
			buildConfigurations = (
				3ADE28A518F5BF13002DDCA1 /* Debug */,
				3ADE28A618F5BF13002DDCA1 /* Release */,
			);
			defaultConfigurationIsVisible = 0;
			defaultConfigurationName = Release;
		};
		3ADE28A718F5BF13002DDCA1 /* Build configuration list for PBXNativeTarget "Timer" */ = {
			isa = XCConfigurationList;
			buildConfigurations = (
				3ADE28A818F5BF13002DDCA1 /* Debug */,
				3ADE28A918F5BF13002DDCA1 /* Release */,
			);
			defaultConfigurationIsVisible = 0;
		};
		3ADE28AA18F5BF13002DDCA1 /* Build configuration list for PBXNativeTarget "TimerTests" */ = {
			isa = XCConfigurationList;
			buildConfigurations = (
				3ADE28AB18F5BF13002DDCA1 /* Debug */,
				3ADE28AC18F5BF13002DDCA1 /* Release */,
			);
			defaultConfigurationIsVisible = 0;
		};
/* End XCConfigurationList section */
	};
	rootObject = 3ADE286E18F5BF13002DDCA1 /* Project object */;
}
